
Microsoft Visual Studio Solution File, Format Version 12.00
# Visual Studio 14
VisualStudioVersion = 14.0.25123.0
MinimumVisualStudioVersion = 10.0.40219.1
Project("{FAE04EC0-301F-11D3-BF4B-00C04F79EFBC}") = "DevLunch.Tests", "DevLunch.Tests\DevLunch.Tests.csproj", "{630784DF-FCF9-497D-9345-E9D69A64A0EE}"
EndProject
Project("{FAE04EC0-301F-11D3-BF4B-00C04F79EFBC}") = "DevLunch.Data", "DevLunch.Data\DevLunch.Data.csproj", "{13532656-135B-44AE-8649-FB321D82E7DF}"
EndProject
Project("{2150E333-8FDC-42A3-9474-1A3956D46DE8}") = "Tests", "Tests", "{42C7FDC1-C187-4100-A368-F6798158193B}"
EndProject
Project("{FAE04EC0-301F-11D3-BF4B-00C04F79EFBC}") = "DevLunch.Mvc", "DevLunch.Mvc\DevLunch.Mvc.csproj", "{39B41D88-1378-4453-A4AC-A1CF2C79B10B}"
EndProject
Global
	GlobalSection(SolutionConfigurationPlatforms) = preSolution
		Debug|Any CPU = Debug|Any CPU
		Release|Any CPU = Release|Any CPU
	EndGlobalSection
	GlobalSection(ProjectConfigurationPlatforms) = postSolution
		{630784DF-FCF9-497D-9345-E9D69A64A0EE}.Debug|Any CPU.ActiveCfg = Debug|Any CPU
		{630784DF-FCF9-497D-9345-E9D69A64A0EE}.Debug|Any CPU.Build.0 = Debug|Any CPU
		{630784DF-FCF9-497D-9345-E9D69A64A0EE}.Release|Any CPU.ActiveCfg = Release|Any CPU
		{630784DF-FCF9-497D-9345-E9D69A64A0EE}.Release|Any CPU.Build.0 = Release|Any CPU
		{13532656-135B-44AE-8649-FB321D82E7DF}.Debug|Any CPU.ActiveCfg = Debug|Any CPU
		{13532656-135B-44AE-8649-FB321D82E7DF}.Debug|Any CPU.Build.0 = Debug|Any CPU
		{13532656-135B-44AE-8649-FB321D82E7DF}.Release|Any CPU.ActiveCfg = Release|Any CPU
		{13532656-135B-44AE-8649-FB321D82E7DF}.Release|Any CPU.Build.0 = Release|Any CPU
		{39B41D88-1378-4453-A4AC-A1CF2C79B10B}.Debug|Any CPU.ActiveCfg = Debug|Any CPU
		{39B41D88-1378-4453-A4AC-A1CF2C79B10B}.Debug|Any CPU.Build.0 = Debug|Any CPU
		{39B41D88-1378-4453-A4AC-A1CF2C79B10B}.Release|Any CPU.ActiveCfg = Release|Any CPU
		{39B41D88-1378-4453-A4AC-A1CF2C79B10B}.Release|Any CPU.Build.0 = Release|Any CPU
	EndGlobalSection
	GlobalSection(SolutionProperties) = preSolution
		HideSolutionNode = FALSE
	EndGlobalSection
	GlobalSection(NestedProjects) = preSolution
		{630784DF-FCF9-497D-9345-E9D69A64A0EE} = {42C7FDC1-C187-4100-A368-F6798158193B}
	EndGlobalSection
EndGlobal
